
Microsoft Visual Studio Solution File, Format Version 12.00
# Visual Studio Version 17
VisualStudioVersion = 17.10.35004.147
MinimumVisualStudioVersion = 10.0.40219.1
Project("{FAE04EC0-301F-11D3-BF4B-00C04F79EFBC}") = "Chrasp_dethithu", "Chrasp_dethithu\Chrasp_dethithu.csproj", "{93379E04-9088-44AB-B43E-B9EB9CD253A2}"
EndProject
Global
	GlobalSection(SolutionConfigurationPlatforms) = preSolution
		Debug|Any CPU = Debug|Any CPU
		Release|Any CPU = Release|Any CPU
	EndGlobalSection
	GlobalSection(ProjectConfigurationPlatforms) = postSolution
		{93379E04-9088-44AB-B43E-B9EB9CD253A2}.Debug|Any CPU.ActiveCfg = Debug|Any CPU
		{93379E04-9088-44AB-B43E-B9EB9CD253A2}.Debug|Any CPU.Build.0 = Debug|Any CPU
		{93379E04-9088-44AB-B43E-B9EB9CD253A2}.Release|Any CPU.ActiveCfg = Release|Any CPU
		{93379E04-9088-44AB-B43E-B9EB9CD253A2}.Release|Any CPU.Build.0 = Release|Any CPU
	EndGlobalSection
	GlobalSection(SolutionProperties) = preSolution
		HideSolutionNode = FALSE
	EndGlobalSection
	GlobalSection(ExtensibilityGlobals) = postSolution
		SolutionGuid = {CC4FA79C-2C53-439F-9E96-98145C0877E9}
	EndGlobalSection
EndGlobal
